
Microsoft Visual Studio Solution File, Format Version 12.00
# Visual Studio Version 16
VisualStudioVersion = 16.0.30204.135
MinimumVisualStudioVersion = 10.0.40219.1
Project("{FAE04EC0-301F-11D3-BF4B-00C04F79EFBC}") = "CapstoneProject", "CapstoneProject\CapstoneProject.csproj", "{C9F7DEEC-A902-4433-8A6B-DDE07AAB9189}"
EndProject
Global
	GlobalSection(SolutionConfigurationPlatforms) = preSolution
		Debug|Any CPU = Debug|Any CPU
		Release|Any CPU = Release|Any CPU
	EndGlobalSection
	GlobalSection(ProjectConfigurationPlatforms) = postSolution
		{C9F7DEEC-A902-4433-8A6B-DDE07AAB9189}.Debug|Any CPU.ActiveCfg = Debug|Any CPU
		{C9F7DEEC-A902-4433-8A6B-DDE07AAB9189}.Debug|Any CPU.Build.0 = Debug|Any CPU
		{C9F7DEEC-A902-4433-8A6B-DDE07AAB9189}.Release|Any CPU.ActiveCfg = Release|Any CPU
		{C9F7DEEC-A902-4433-8A6B-DDE07AAB9189}.Release|Any CPU.Build.0 = Release|Any CPU
	EndGlobalSection
	GlobalSection(SolutionProperties) = preSolution
		HideSolutionNode = FALSE
	EndGlobalSection
	GlobalSection(ExtensibilityGlobals) = postSolution
		SolutionGuid = {CFFE758A-7967-407D-BE76-97FEFA4B525F}
	EndGlobalSection
EndGlobal
